# This file is automatically @generated by Cargo.
# It is not intended for manual editing.
version = 4

[[package]]
name = "mcp-client"
version = "0.1.0"

[[package]]
name = "orchestrator-core"
version = "0.1.0"
dependencies = [
 "mcp-client",
 "persistence",
 "providers",
 "routing",
 "secrets",
]

[[package]]
name = "persistence"
version = "0.1.0"

[[package]]
name = "providers"
version = "0.1.0"

[[package]]
name = "routing"
version = "0.1.0"

[[package]]
name = "secrets"
version = "0.1.0"
